
Microsoft Visual Studio Solution File, Format Version 12.00
# Visual Studio 14
VisualStudioVersion = 14.0.25123.0
MinimumVisualStudioVersion = 10.0.40219.1
Project("{FAE04EC0-301F-11D3-BF4B-00C04F79EFBC}") = "HMLS.Web", "HMLS.Web\HMLS.Web.csproj", "{CF299E43-488E-400B-8E5D-2745666FB928}"
EndProject
Project("{FAE04EC0-301F-11D3-BF4B-00C04F79EFBC}") = "HLMS.HL", "HLMS.HL\HLMS.HL.csproj", "{C1AE9BDE-C308-4EEE-A168-C95368499053}"
EndProject
Project("{FAE04EC0-301F-11D3-BF4B-00C04F79EFBC}") = "HLMS.CCExtractor", "HLMS.CCExtractor\HLMS.CCExtractor.csproj", "{184CD54A-B390-495D-B758-44A2D20D75F5}"
EndProject
Project("{FAE04EC0-301F-11D3-BF4B-00C04F79EFBC}") = "HLMS.Search", "HLMS.Search\HLMS.Search.csproj", "{3DD20917-C0D1-4CE8-92EA-A43C10C4BCFE}"
EndProject
Project("{FAE04EC0-301F-11D3-BF4B-00C04F79EFBC}") = "HLMS.API", "HLMS.API\HLMS.API.csproj", "{AAD5A1C0-58F6-425A-942E-ABC24B7B12E9}"
EndProject
Project("{FAE04EC0-301F-11D3-BF4B-00C04F79EFBC}") = "VideoZoomTestApp", "VideoZoomTestApp\VideoZoomTestApp.csproj", "{D030238A-916A-4F83-897C-4E5BF4EFC814}"
EndProject
Global
	GlobalSection(SolutionConfigurationPlatforms) = preSolution
		Debug|Any CPU = Debug|Any CPU
		Debug|ARM = Debug|ARM
		Debug|x64 = Debug|x64
		Debug|x86 = Debug|x86
		Release|Any CPU = Release|Any CPU
		Release|ARM = Release|ARM
		Release|x64 = Release|x64
		Release|x86 = Release|x86
	EndGlobalSection
	GlobalSection(ProjectConfigurationPlatforms) = postSolution
		{CF299E43-488E-400B-8E5D-2745666FB928}.Debug|Any CPU.ActiveCfg = Debug|Any CPU
		{CF299E43-488E-400B-8E5D-2745666FB928}.Debug|Any CPU.Build.0 = Debug|Any CPU
		{CF299E43-488E-400B-8E5D-2745666FB928}.Debug|ARM.ActiveCfg = Debug|Any CPU
		{CF299E43-488E-400B-8E5D-2745666FB928}.Debug|ARM.Build.0 = Debug|Any CPU
		{CF299E43-488E-400B-8E5D-2745666FB928}.Debug|x64.ActiveCfg = Debug|Any CPU
		{CF299E43-488E-400B-8E5D-2745666FB928}.Debug|x64.Build.0 = Debug|Any CPU
		{CF299E43-488E-400B-8E5D-2745666FB928}.Debug|x86.ActiveCfg = Debug|Any CPU
		{CF299E43-488E-400B-8E5D-2745666FB928}.Debug|x86.Build.0 = Debug|Any CPU
		{CF299E43-488E-400B-8E5D-2745666FB928}.Release|Any CPU.ActiveCfg = Release|Any CPU
		{CF299E43-488E-400B-8E5D-2745666FB928}.Release|Any CPU.Build.0 = Release|Any CPU
		{CF299E43-488E-400B-8E5D-2745666FB928}.Release|ARM.ActiveCfg = Release|Any CPU
		{CF299E43-488E-400B-8E5D-2745666FB928}.Release|ARM.Build.0 = Release|Any CPU
		{CF299E43-488E-400B-8E5D-2745666FB928}.Release|x64.ActiveCfg = Release|Any CPU
		{CF299E43-488E-400B-8E5D-2745666FB928}.Release|x64.Build.0 = Release|Any CPU
		{CF299E43-488E-400B-8E5D-2745666FB928}.Release|x86.ActiveCfg = Release|Any CPU
		{CF299E43-488E-400B-8E5D-2745666FB928}.Release|x86.Build.0 = Release|Any CPU
		{C1AE9BDE-C308-4EEE-A168-C95368499053}.Debug|Any CPU.ActiveCfg = Debug|Any CPU
		{C1AE9BDE-C308-4EEE-A168-C95368499053}.Debug|Any CPU.Build.0 = Debug|Any CPU
		{C1AE9BDE-C308-4EEE-A168-C95368499053}.Debug|ARM.ActiveCfg = Debug|Any CPU
		{C1AE9BDE-C308-4EEE-A168-C95368499053}.Debug|ARM.Build.0 = Debug|Any CPU
		{C1AE9BDE-C308-4EEE-A168-C95368499053}.Debug|x64.ActiveCfg = Debug|Any CPU
		{C1AE9BDE-C308-4EEE-A168-C95368499053}.Debug|x64.Build.0 = Debug|Any CPU
		{C1AE9BDE-C308-4EEE-A168-C95368499053}.Debug|x86.ActiveCfg = Debug|Any CPU
		{C1AE9BDE-C308-4EEE-A168-C95368499053}.Debug|x86.Build.0 = Debug|Any CPU
		{C1AE9BDE-C308-4EEE-A168-C95368499053}.Release|Any CPU.ActiveCfg = Release|Any CPU
		{C1AE9BDE-C308-4EEE-A168-C95368499053}.Release|Any CPU.Build.0 = Release|Any CPU
		{C1AE9BDE-C308-4EEE-A168-C95368499053}.Release|ARM.ActiveCfg = Release|Any CPU
		{C1AE9BDE-C308-4EEE-A168-C95368499053}.Release|ARM.Build.0 = Release|Any CPU
		{C1AE9BDE-C308-4EEE-A168-C95368499053}.Release|x64.ActiveCfg = Release|Any CPU
		{C1AE9BDE-C308-4EEE-A168-C95368499053}.Release|x64.Build.0 = Release|Any CPU
		{C1AE9BDE-C308-4EEE-A168-C95368499053}.Release|x86.ActiveCfg = Release|Any CPU
		{C1AE9BDE-C308-4EEE-A168-C95368499053}.Release|x86.Build.0 = Release|Any CPU
		{184CD54A-B390-495D-B758-44A2D20D75F5}.Debug|Any CPU.ActiveCfg = Debug|Any CPU
		{184CD54A-B390-495D-B758-44A2D20D75F5}.Debug|Any CPU.Build.0 = Debug|Any CPU
		{184CD54A-B390-495D-B758-44A2D20D75F5}.Debug|ARM.ActiveCfg = Debug|Any CPU
		{184CD54A-B390-495D-B758-44A2D20D75F5}.Debug|ARM.Build.0 = Debug|Any CPU
		{184CD54A-B390-495D-B758-44A2D20D75F5}.Debug|x64.ActiveCfg = Debug|Any CPU
		{184CD54A-B390-495D-B758-44A2D20D75F5}.Debug|x64.Build.0 = Debug|Any CPU
		{184CD54A-B390-495D-B758-44A2D20D75F5}.Debug|x86.ActiveCfg = Debug|Any CPU
		{184CD54A-B390-495D-B758-44A2D20D75F5}.Debug|x86.Build.0 = Debug|Any CPU
		{184CD54A-B390-495D-B758-44A2D20D75F5}.Release|Any CPU.ActiveCfg = Release|Any CPU
		{184CD54A-B390-495D-B758-44A2D20D75F5}.Release|Any CPU.Build.0 = Release|Any CPU
		{184CD54A-B390-495D-B758-44A2D20D75F5}.Release|ARM.ActiveCfg = Release|Any CPU
		{184CD54A-B390-495D-B758-44A2D20D75F5}.Release|ARM.Build.0 = Release|Any CPU
		{184CD54A-B390-495D-B758-44A2D20D75F5}.Release|x64.ActiveCfg = Release|Any CPU
		{184CD54A-B390-495D-B758-44A2D20D75F5}.Release|x64.Build.0 = Release|Any CPU
		{184CD54A-B390-495D-B758-44A2D20D75F5}.Release|x86.ActiveCfg = Release|Any CPU
		{184CD54A-B390-495D-B758-44A2D20D75F5}.Release|x86.Build.0 = Release|Any CPU
		{3DD20917-C0D1-4CE8-92EA-A43C10C4BCFE}.Debug|Any CPU.ActiveCfg = Debug|Any CPU
		{3DD20917-C0D1-4CE8-92EA-A43C10C4BCFE}.Debug|Any CPU.Build.0 = Debug|Any CPU
		{3DD20917-C0D1-4CE8-92EA-A43C10C4BCFE}.Debug|ARM.ActiveCfg = Debug|Any CPU
		{3DD20917-C0D1-4CE8-92EA-A43C10C4BCFE}.Debug|ARM.Build.0 = Debug|Any CPU
		{3DD20917-C0D1-4CE8-92EA-A43C10C4BCFE}.Debug|x64.ActiveCfg = Debug|Any CPU
		{3DD20917-C0D1-4CE8-92EA-A43C10C4BCFE}.Debug|x64.Build.0 = Debug|Any CPU
		{3DD20917-C0D1-4CE8-92EA-A43C10C4BCFE}.Debug|x86.ActiveCfg = Debug|Any CPU
		{3DD20917-C0D1-4CE8-92EA-A43C10C4BCFE}.Debug|x86.Build.0 = Debug|Any CPU
		{3DD20917-C0D1-4CE8-92EA-A43C10C4BCFE}.Release|Any CPU.ActiveCfg = Release|Any CPU
		{3DD20917-C0D1-4CE8-92EA-A43C10C4BCFE}.Release|Any CPU.Build.0 = Release|Any CPU
		{3DD20917-C0D1-4CE8-92EA-A43C10C4BCFE}.Release|ARM.ActiveCfg = Release|Any CPU
		{3DD20917-C0D1-4CE8-92EA-A43C10C4BCFE}.Release|ARM.Build.0 = Release|Any CPU
		{3DD20917-C0D1-4CE8-92EA-A43C10C4BCFE}.Release|x64.ActiveCfg = Release|Any CPU
		{3DD20917-C0D1-4CE8-92EA-A43C10C4BCFE}.Release|x64.Build.0 = Release|Any CPU
		{3DD20917-C0D1-4CE8-92EA-A43C10C4BCFE}.Release|x86.ActiveCfg = Release|Any CPU
		{3DD20917-C0D1-4CE8-92EA-A43C10C4BCFE}.Release|x86.Build.0 = Release|Any CPU
		{AAD5A1C0-58F6-425A-942E-ABC24B7B12E9}.Debug|Any CPU.ActiveCfg = Debug|Any CPU
		{AAD5A1C0-58F6-425A-942E-ABC24B7B12E9}.Debug|Any CPU.Build.0 = Debug|Any CPU
		{AAD5A1C0-58F6-425A-942E-ABC24B7B12E9}.Debug|ARM.ActiveCfg = Debug|Any CPU
		{AAD5A1C0-58F6-425A-942E-ABC24B7B12E9}.Debug|ARM.Build.0 = Debug|Any CPU
		{AAD5A1C0-58F6-425A-942E-ABC24B7B12E9}.Debug|x64.ActiveCfg = Debug|Any CPU
		{AAD5A1C0-58F6-425A-942E-ABC24B7B12E9}.Debug|x64.Build.0 = Debug|Any CPU
		{AAD5A1C0-58F6-425A-942E-ABC24B7B12E9}.Debug|x86.ActiveCfg = Debug|Any CPU
		{AAD5A1C0-58F6-425A-942E-ABC24B7B12E9}.Debug|x86.Build.0 = Debug|Any CPU
		{AAD5A1C0-58F6-425A-942E-ABC24B7B12E9}.Release|Any CPU.ActiveCfg = Release|Any CPU
		{AAD5A1C0-58F6-425A-942E-ABC24B7B12E9}.Release|Any CPU.Build.0 = Release|Any CPU
		{AAD5A1C0-58F6-425A-942E-ABC24B7B12E9}.Release|ARM.ActiveCfg = Release|Any CPU
		{AAD5A1C0-58F6-425A-942E-ABC24B7B12E9}.Release|ARM.Build.0 = Release|Any CPU
		{AAD5A1C0-58F6-425A-942E-ABC24B7B12E9}.Release|x64.ActiveCfg = Release|Any CPU
		{AAD5A1C0-58F6-425A-942E-ABC24B7B12E9}.Release|x64.Build.0 = Release|Any CPU
		{AAD5A1C0-58F6-425A-942E-ABC24B7B12E9}.Release|x86.ActiveCfg = Release|Any CPU
		{AAD5A1C0-58F6-425A-942E-ABC24B7B12E9}.Release|x86.Build.0 = Release|Any CPU
		{D030238A-916A-4F83-897C-4E5BF4EFC814}.Debug|Any CPU.ActiveCfg = Debug|x86
		{D030238A-916A-4F83-897C-4E5BF4EFC814}.Debug|ARM.ActiveCfg = Debug|ARM
		{D030238A-916A-4F83-897C-4E5BF4EFC814}.Debug|ARM.Build.0 = Debug|ARM
		{D030238A-916A-4F83-897C-4E5BF4EFC814}.Debug|ARM.Deploy.0 = Debug|ARM
		{D030238A-916A-4F83-897C-4E5BF4EFC814}.Debug|x64.ActiveCfg = Debug|x64
		{D030238A-916A-4F83-897C-4E5BF4EFC814}.Debug|x64.Build.0 = Debug|x64
		{D030238A-916A-4F83-897C-4E5BF4EFC814}.Debug|x64.Deploy.0 = Debug|x64
		{D030238A-916A-4F83-897C-4E5BF4EFC814}.Debug|x86.ActiveCfg = Debug|x86
		{D030238A-916A-4F83-897C-4E5BF4EFC814}.Debug|x86.Build.0 = Debug|x86
		{D030238A-916A-4F83-897C-4E5BF4EFC814}.Debug|x86.Deploy.0 = Debug|x86
		{D030238A-916A-4F83-897C-4E5BF4EFC814}.Release|Any CPU.ActiveCfg = Release|x86
		{D030238A-916A-4F83-897C-4E5BF4EFC814}.Release|ARM.ActiveCfg = Release|ARM
		{D030238A-916A-4F83-897C-4E5BF4EFC814}.Release|ARM.Build.0 = Release|ARM
		{D030238A-916A-4F83-897C-4E5BF4EFC814}.Release|ARM.Deploy.0 = Release|ARM
		{D030238A-916A-4F83-897C-4E5BF4EFC814}.Release|x64.ActiveCfg = Release|x64
		{D030238A-916A-4F83-897C-4E5BF4EFC814}.Release|x64.Build.0 = Release|x64
		{D030238A-916A-4F83-897C-4E5BF4EFC814}.Release|x64.Deploy.0 = Release|x64
		{D030238A-916A-4F83-897C-4E5BF4EFC814}.Release|x86.ActiveCfg = Release|x86
		{D030238A-916A-4F83-897C-4E5BF4EFC814}.Release|x86.Build.0 = Release|x86
		{D030238A-916A-4F83-897C-4E5BF4EFC814}.Release|x86.Deploy.0 = Release|x86
	EndGlobalSection
	GlobalSection(SolutionProperties) = preSolution
		HideSolutionNode = FALSE
	EndGlobalSection
	GlobalSection(ExtensibilityGlobals) = postSolution
		EnterpriseLibraryConfigurationToolBinariesPath = packages\TransientFaultHandling.Core.5.1.1209.1\lib\NET4
	EndGlobalSection
EndGlobal
